
Microsoft Visual Studio Solution File, Format Version 12.00
Project("{FAE04EC0-301F-11D3-BF4B-00C04F79EFBC}") = "SimpleRateLimiter", "SimpleRateLimiter.csproj", "{4A77A417-A860-4FE5-B298-8CCB2A5A1024}"
EndProject
Global
	GlobalSection(SolutionConfigurationPlatforms) = preSolution
		Debug|Any CPU = Debug|Any CPU
		Release|Any CPU = Release|Any CPU
	EndGlobalSection
	GlobalSection(ProjectConfigurationPlatforms) = postSolution
		{4A77A417-A860-4FE5-B298-8CCB2A5A1024}.Debug|Any CPU.ActiveCfg = Debug|Any CPU
		{4A77A417-A860-4FE5-B298-8CCB2A5A1024}.Debug|Any CPU.Build.0 = Debug|Any CPU
		{4A77A417-A860-4FE5-B298-8CCB2A5A1024}.Release|Any CPU.ActiveCfg = Release|Any CPU
		{4A77A417-A860-4FE5-B298-8CCB2A5A1024}.Release|Any CPU.Build.0 = Release|Any CPU
	EndGlobalSection
EndGlobal
